# This file was autogenerated by Stack.
# You should not edit this file by hand.
# For more information, please see the documentation at:
#   https://docs.haskellstack.org/en/stable/lock_files

packages:
- completed:
    hackage: unbeliever-0.10.0.8@sha256:549b8387592c2b54794148e0daaedaa1c04d4d5af62aae3aaf45dec2f5600e38,3879
    pantry-tree:
      size: 706
      sha256: 4231c5c2b689b50f193ca0187321c1b25ce7a798091fc0a22ff17a9c9e5de2a3
  original:
    hackage: unbeliever-0.10.0.8@sha256:549b8387592c2b54794148e0daaedaa1c04d4d5af62aae3aaf45dec2f5600e38,3879
snapshots:
- completed:
    size: 567669
    url: https://raw.githubusercontent.com/commercialhaskell/stackage-snapshots/master/lts/17/12.yaml
    sha256: facf6cac73b22a83ca955b580a98a7a09ed71f8f974c7a55d28e608c23e689a9
  original:
    url: https://raw.githubusercontent.com/commercialhaskell/stackage-snapshots/master/lts/17/12.yaml
